
Microsoft Visual Studio Solution File, Format Version 12.00
# Visual Studio Version 16
VisualStudioVersion = 16.0.30717.126
MinimumVisualStudioVersion = 10.0.40219.1
Project("{FAE04EC0-301F-11D3-BF4B-00C04F79EFBC}") = "CoinJar.Common", "CoinJar.Common\CoinJar.Common.csproj", "{754C8506-FBE4-48A9-AF95-D30D02D9AD27}"
EndProject
Project("{9A19103F-16F7-4668-BE54-9A1E7A4F7556}") = "CoinJar.API", "CoinJar.API\CoinJar.API.csproj", "{A0EF7647-6ACB-4236-8669-4EE5FDA7737F}"
EndProject
Project("{9A19103F-16F7-4668-BE54-9A1E7A4F7556}") = "CoinJar.CQS", "CoinJar.CQS\CoinJar.CQS.csproj", "{89849E4F-B12A-40BB-AA16-53486DE820D8}"
EndProject
Project("{9A19103F-16F7-4668-BE54-9A1E7A4F7556}") = "CoinJar.DataLayer", "CoinJar.DataLayer\CoinJar.DataLayer.csproj", "{4FA38E2D-A66F-4935-A38E-FC3CBC341BE7}"
EndProject
Global
	GlobalSection(SolutionConfigurationPlatforms) = preSolution
		Debug|Any CPU = Debug|Any CPU
		Release|Any CPU = Release|Any CPU
	EndGlobalSection
	GlobalSection(ProjectConfigurationPlatforms) = postSolution
		{754C8506-FBE4-48A9-AF95-D30D02D9AD27}.Debug|Any CPU.ActiveCfg = Debug|Any CPU
		{754C8506-FBE4-48A9-AF95-D30D02D9AD27}.Debug|Any CPU.Build.0 = Debug|Any CPU
		{754C8506-FBE4-48A9-AF95-D30D02D9AD27}.Release|Any CPU.ActiveCfg = Release|Any CPU
		{754C8506-FBE4-48A9-AF95-D30D02D9AD27}.Release|Any CPU.Build.0 = Release|Any CPU
		{A0EF7647-6ACB-4236-8669-4EE5FDA7737F}.Debug|Any CPU.ActiveCfg = Debug|Any CPU
		{A0EF7647-6ACB-4236-8669-4EE5FDA7737F}.Debug|Any CPU.Build.0 = Debug|Any CPU
		{A0EF7647-6ACB-4236-8669-4EE5FDA7737F}.Release|Any CPU.ActiveCfg = Release|Any CPU
		{A0EF7647-6ACB-4236-8669-4EE5FDA7737F}.Release|Any CPU.Build.0 = Release|Any CPU
		{89849E4F-B12A-40BB-AA16-53486DE820D8}.Debug|Any CPU.ActiveCfg = Debug|Any CPU
		{89849E4F-B12A-40BB-AA16-53486DE820D8}.Debug|Any CPU.Build.0 = Debug|Any CPU
		{89849E4F-B12A-40BB-AA16-53486DE820D8}.Release|Any CPU.ActiveCfg = Release|Any CPU
		{89849E4F-B12A-40BB-AA16-53486DE820D8}.Release|Any CPU.Build.0 = Release|Any CPU
		{4FA38E2D-A66F-4935-A38E-FC3CBC341BE7}.Debug|Any CPU.ActiveCfg = Debug|Any CPU
		{4FA38E2D-A66F-4935-A38E-FC3CBC341BE7}.Debug|Any CPU.Build.0 = Debug|Any CPU
		{4FA38E2D-A66F-4935-A38E-FC3CBC341BE7}.Release|Any CPU.ActiveCfg = Release|Any CPU
		{4FA38E2D-A66F-4935-A38E-FC3CBC341BE7}.Release|Any CPU.Build.0 = Release|Any CPU
	EndGlobalSection
	GlobalSection(SolutionProperties) = preSolution
		HideSolutionNode = FALSE
	EndGlobalSection
	GlobalSection(ExtensibilityGlobals) = postSolution
		SolutionGuid = {5D6E751D-143F-4C02-9573-37B9255E88D8}
	EndGlobalSection
EndGlobal
